# This file is generated by running "yarn install" inside your project.
# Manual changes might be lost - proceed with caution!

__metadata:
  version: 6
  cacheKey: 8

"@babel/runtime@npm:^7.17.2, @babel/runtime@npm:^7.5.5, @babel/runtime@npm:^7.8.7":
  version: 7.18.6
  resolution: "@babel/runtime@npm:7.18.6"
  dependencies:
    regenerator-runtime: ^0.13.4
  checksum: 8b707b64ae0524db617d0c49933b258b96376a38307dc0be8fb42db5697608bcc1eba459acce541e376cff5ed5c5287d24db5780bd776b7c75ba2c2e26ff8a2c
  languageName: node
  linkType: hard

"@emotion/cache@npm:^11.7.1":
  version: 11.9.3
  resolution: "@emotion/cache@npm:11.9.3"
  dependencies:
    "@emotion/memoize": ^0.7.4
    "@emotion/sheet": ^1.1.1
    "@emotion/utils": ^1.0.0
    "@emotion/weak-memoize": ^0.2.5
    stylis: 4.0.13
  checksum: 6e0aab2fa5b9b6b0b9bf66b5328ed44265c23ced16b46c13d2602c3497fabd95299f6cf2c87cbc02b630452aa3cff599c194c538125d744aa135824129698ccc
  languageName: node
  linkType: hard

"@emotion/is-prop-valid@npm:^1.1.2":
  version: 1.1.3
  resolution: "@emotion/is-prop-valid@npm:1.1.3"
  dependencies:
    "@emotion/memoize": ^0.7.4
  checksum: 511997c3bbaab5a967db65b65a111afc46c4aac8b3b87a436fd9e3dc2891829a9ada1405b77326f407d93934ee3b831e62248b498c071089312c5be080af75dd
  languageName: node
  linkType: hard

"@emotion/memoize@npm:^0.7.4":
  version: 0.7.5
  resolution: "@emotion/memoize@npm:0.7.5"
  checksum: 83da8d4a7649a92c72f960817692bc6be13cc13e107b9f7e878d63766525ed4402881bfeb3cda61145c050281e7e260f114a0a2870515527346f2ef896b915b3
  languageName: node
  linkType: hard

"@emotion/sheet@npm:^1.1.1":
  version: 1.1.1
  resolution: "@emotion/sheet@npm:1.1.1"
  checksum: b916ac665735ef6dfda26b09f2d3493789d432d649733db9da18c4db0115e7fdadeb8d45f6490320248916bb13d978bba74c914b711ac96f659b76a5e52d5cd2
  languageName: node
  linkType: hard

"@emotion/utils@npm:^1.0.0":
  version: 1.1.0
  resolution: "@emotion/utils@npm:1.1.0"
  checksum: d3b681ca3a23b07033ac6c6937e71010a5549ac8ccec325eb6c91a7e48d9a73db83fa5dadc58be981bb125d7c00fedca868ea4362b1da9e02866615f96be4df1
  languageName: node
  linkType: hard

"@emotion/weak-memoize@npm:^0.2.5":
  version: 0.2.5
  resolution: "@emotion/weak-memoize@npm:0.2.5"
  checksum: 27d402b0c683b94658220b6d47840346ee582329ca2a15ec9c233492e0f1a27687ccb233b76eedc922f2e185e444cc89f7b97a81a1d3e5ae9f075bab08e965ea
  languageName: node
  linkType: hard

"@mui/base@npm:5.0.0-alpha.87":
  version: 5.0.0-alpha.87
  resolution: "@mui/base@npm:5.0.0-alpha.87"
  dependencies:
    "@babel/runtime": ^7.17.2
    "@emotion/is-prop-valid": ^1.1.2
    "@mui/types": ^7.1.4
    "@mui/utils": ^5.8.6
    "@popperjs/core": ^2.11.5
    clsx: ^1.1.1
    prop-types: ^15.8.1
    react-is: ^17.0.2
  peerDependencies:
    "@types/react": ^17.0.0 || ^18.0.0
    react: ^17.0.0 || ^18.0.0
    react-dom: ^17.0.0 || ^18.0.0
  peerDependenciesMeta:
    "@types/react":
      optional: true
  checksum: ec6ce5f710a7073115043997fd1bbe4dc2b15a4d9211485969bfb2eb79c45b9c5c95018754346730892971f737a89aca89c564dbd08f4eb4635f4fed6047f2da
  languageName: node
  linkType: hard

"@mui/material@npm:^5.8.6":
  version: 5.8.6
  resolution: "@mui/material@npm:5.8.6"
  dependencies:
    "@babel/runtime": ^7.17.2
    "@mui/base": 5.0.0-alpha.87
    "@mui/system": ^5.8.6
    "@mui/types": ^7.1.4
    "@mui/utils": ^5.8.6
    "@types/react-transition-group": ^4.4.4
    clsx: ^1.1.1
    csstype: ^3.1.0
    prop-types: ^15.8.1
    react-is: ^17.0.2
    react-transition-group: ^4.4.2
  peerDependencies:
    "@emotion/react": ^11.5.0
    "@emotion/styled": ^11.3.0
    "@types/react": ^17.0.0 || ^18.0.0
    react: ^17.0.0 || ^18.0.0
    react-dom: ^17.0.0 || ^18.0.0
  peerDependenciesMeta:
    "@emotion/react":
      optional: true
    "@emotion/styled":
      optional: true
    "@types/react":
      optional: true
  checksum: 46454541b5ceca578273453b8513e973419fc919329a4b850190bdeb6c602fc61a40c791d844a130560607eb3b798aa2d5f033e21eb98c14e898a431c1071756
  languageName: node
  linkType: hard

"@mui/private-theming@npm:^5.8.6":
  version: 5.8.6
  resolution: "@mui/private-theming@npm:5.8.6"
  dependencies:
    "@babel/runtime": ^7.17.2
    "@mui/utils": ^5.8.6
    prop-types: ^15.8.1
  peerDependencies:
    "@types/react": ^17.0.0 || ^18.0.0
    react: ^17.0.0 || ^18.0.0
  peerDependenciesMeta:
    "@types/react":
      optional: true
  checksum: 8a821793de22f84ba51bee2f67363e26187d1fddc7b2d446477a3fa2131372662a30ec0d94678a3cecab0f7ed8d3116af19422cb651664e5bca664d243478ed4
  languageName: node
  linkType: hard

"@mui/styled-engine@npm:^5.8.0":
  version: 5.8.0
  resolution: "@mui/styled-engine@npm:5.8.0"
  dependencies:
    "@babel/runtime": ^7.17.2
    "@emotion/cache": ^11.7.1
    prop-types: ^15.8.1
  peerDependencies:
    "@emotion/react": ^11.4.1
    "@emotion/styled": ^11.3.0
    react: ^17.0.0 || ^18.0.0
  peerDependenciesMeta:
    "@emotion/react":
      optional: true
    "@emotion/styled":
      optional: true
  checksum: f1140151cb06b72af774e6c14f537879bee0e699fff05cac5f9b1e4483d5202e161dc6d8e23ff7e31e3f660867056689b2225ab1d7ad69f45dc489d9ed058a92
  languageName: node
  linkType: hard

"@mui/system@npm:^5.8.6":
  version: 5.8.6
  resolution: "@mui/system@npm:5.8.6"
  dependencies:
    "@babel/runtime": ^7.17.2
    "@mui/private-theming": ^5.8.6
    "@mui/styled-engine": ^5.8.0
    "@mui/types": ^7.1.4
    "@mui/utils": ^5.8.6
    clsx: ^1.1.1
    csstype: ^3.1.0
    prop-types: ^15.8.1
  peerDependencies:
    "@emotion/react": ^11.5.0
    "@emotion/styled": ^11.3.0
    "@types/react": ^17.0.0 || ^18.0.0
    react: ^17.0.0 || ^18.0.0
  peerDependenciesMeta:
    "@emotion/react":
      optional: true
    "@emotion/styled":
      optional: true
    "@types/react":
      optional: true
  checksum: 89917c16efe1d42adad0bb84a55e6fe43d72deb52151ee7ab76d450f7ffba36b33f96de436ebd3c4d176835fa7c0030ff645fdc2dfd3eec80f485bec3ce0aa15
  languageName: node
  linkType: hard

"@mui/types@npm:^7.1.4":
  version: 7.1.4
  resolution: "@mui/types@npm:7.1.4"
  peerDependencies:
    "@types/react": "*"
  peerDependenciesMeta:
    "@types/react":
      optional: true
  checksum: 861231bdfbd3e352b3efa200415c2723e14eee60d7f63d7e5755b84255ca8a9be022ecd2585c5bb1b7b029b4f145f675d5952a46914d03355a03e53881cf949b
  languageName: node
  linkType: hard

"@mui/utils@npm:^5.8.6":
  version: 5.8.6
  resolution: "@mui/utils@npm:5.8.6"
  dependencies:
    "@babel/runtime": ^7.17.2
    "@types/prop-types": ^15.7.5
    "@types/react-is": ^16.7.1 || ^17.0.0
    prop-types: ^15.8.1
    react-is: ^17.0.2
  peerDependencies:
    react: ^17.0.0 || ^18.0.0
  checksum: 5141fa15050defe8981041d9a699a595e1b554d5a20125d8e4de2188fb37b37a45907c36ca9885840290f32133af2cb4340e724afdd0f59d27dcf8b863f927bf
  languageName: node
  linkType: hard

"@popperjs/core@npm:^2.11.5":
  version: 2.11.5
  resolution: "@popperjs/core@npm:2.11.5"
  checksum: fd7f9dca3fb716d7426332b6ee283f88d2724c0ab342fb678865a640bad403dfb9eeebd8204a406986162f7e2b33394f104320008b74d0e9066d7322f70ea35d
  languageName: node
  linkType: hard

"@textea/functions@workspace:.":
  version: 0.0.0-use.local
  resolution: "@textea/functions@workspace:."
  dependencies:
    "@mui/material": ^5.8.6
    "@textea/shared": ^0.2.0
    "@types/react": ^18.0.14
    react: ^18.2.0
    typescript: ^4.7.4
  languageName: unknown
  linkType: soft

"@textea/shared@npm:^0.2.0":
  version: 0.2.0
  resolution: "@textea/shared@npm:0.2.0"
  dependencies:
    "@types/react": ^18.0.14
  checksum: b131e8101f08cb86cfd216381c863c727a3f6f790f22918559ab0378bf7de34446be8508a829c44012fb62c70e210bdaf553d308fe641c5dfe1e125bfca22a71
  languageName: node
  linkType: hard

"@types/prop-types@npm:*, @types/prop-types@npm:^15.7.5":
  version: 15.7.5
  resolution: "@types/prop-types@npm:15.7.5"
  checksum: 5b43b8b15415e1f298243165f1d44390403bb2bd42e662bca3b5b5633fdd39c938e91b7fce3a9483699db0f7a715d08cef220c121f723a634972fdf596aec980
  languageName: node
  linkType: hard

"@types/react-is@npm:^16.7.1 || ^17.0.0":
  version: 17.0.3
  resolution: "@types/react-is@npm:17.0.3"
  dependencies:
    "@types/react": "*"
  checksum: 6abb7c47d54f012272650df8a962a28bd82f219291e5ef8b4dfa7fe0bb98ae243b060bf9fbe8ceff6213141794855a006db194b490b00ffd15842ae19d0ce1f0
  languageName: node
  linkType: hard

"@types/react-transition-group@npm:^4.4.4":
  version: 4.4.5
  resolution: "@types/react-transition-group@npm:4.4.5"
  dependencies:
    "@types/react": "*"
  checksum: 265f1c74061556708ffe8d15559e35c60d6c11478c9950d3735575d2c116ca69f461d85effa06d73a613eb8b73c84fd32682feb57cf7c5f9e4284021dbca25b0
  languageName: node
  linkType: hard

"@types/react@npm:*, @types/react@npm:^18.0.14":
  version: 18.0.14
  resolution: "@types/react@npm:18.0.14"
  dependencies:
    "@types/prop-types": "*"
    "@types/scheduler": "*"
    csstype: ^3.0.2
  checksum: 608eb57a383eedc54c79949673e5e8314f6b0c61542bff58721c8c47a18c23e2832e77c656050c2c2c004b62cf25582136c7c56fe1b6263a285c065fae31dbcf
  languageName: node
  linkType: hard

"@types/scheduler@npm:*":
  version: 0.16.2
  resolution: "@types/scheduler@npm:0.16.2"
  checksum: b6b4dcfeae6deba2e06a70941860fb1435730576d3689225a421280b7742318d1548b3d22c1f66ab68e414f346a9542f29240bc955b6332c5b11e561077583bc
  languageName: node
  linkType: hard

"clsx@npm:^1.1.1":
  version: 1.1.1
  resolution: "clsx@npm:1.1.1"
  checksum: ff052650329773b9b245177305fc4c4dc3129f7b2be84af4f58dc5defa99538c61d4207be7419405a5f8f3d92007c954f4daba5a7b74e563d5de71c28c830063
  languageName: node
  linkType: hard

"csstype@npm:^3.0.2, csstype@npm:^3.1.0":
  version: 3.1.0
  resolution: "csstype@npm:3.1.0"
  checksum: 644e986cefab86525f0b674a06889cfdbb1f117e5b7d1ce0fc55b0423ecc58807a1ea42ecc75c4f18999d14fc42d1d255f84662a45003a52bb5840e977eb2ffd
  languageName: node
  linkType: hard

"dom-helpers@npm:^5.0.1":
  version: 5.2.1
  resolution: "dom-helpers@npm:5.2.1"
  dependencies:
    "@babel/runtime": ^7.8.7
    csstype: ^3.0.2
  checksum: 863ba9e086f7093df3376b43e74ce4422571d404fc9828bf2c56140963d5edf0e56160f9b2f3bb61b282c07f8fc8134f023c98fd684bddcb12daf7b0f14d951c
  languageName: node
  linkType: hard

"js-tokens@npm:^3.0.0 || ^4.0.0":
  version: 4.0.0
  resolution: "js-tokens@npm:4.0.0"
  checksum: 8a95213a5a77deb6cbe94d86340e8d9ace2b93bc367790b260101d2f36a2eaf4e4e22d9fa9cf459b38af3a32fb4190e638024cf82ec95ef708680e405ea7cc78
  languageName: node
  linkType: hard

"loose-envify@npm:^1.1.0, loose-envify@npm:^1.4.0":
  version: 1.4.0
  resolution: "loose-envify@npm:1.4.0"
  dependencies:
    js-tokens: ^3.0.0 || ^4.0.0
  bin:
    loose-envify: cli.js
  checksum: 6517e24e0cad87ec9888f500c5b5947032cdfe6ef65e1c1936a0c48a524b81e65542c9c3edc91c97d5bddc806ee2a985dbc79be89215d613b1de5db6d1cfe6f4
  languageName: node
  linkType: hard

"object-assign@npm:^4.1.1":
  version: 4.1.1
  resolution: "object-assign@npm:4.1.1"
  checksum: fcc6e4ea8c7fe48abfbb552578b1c53e0d194086e2e6bbbf59e0a536381a292f39943c6e9628af05b5528aa5e3318bb30d6b2e53cadaf5b8fe9e12c4b69af23f
  languageName: node
  linkType: hard

"prop-types@npm:^15.6.2, prop-types@npm:^15.8.1":
  version: 15.8.1
  resolution: "prop-types@npm:15.8.1"
  dependencies:
    loose-envify: ^1.4.0
    object-assign: ^4.1.1
    react-is: ^16.13.1
  checksum: c056d3f1c057cb7ff8344c645450e14f088a915d078dcda795041765047fa080d38e5d626560ccaac94a4e16e3aa15f3557c1a9a8d1174530955e992c675e459
  languageName: node
  linkType: hard

"react-is@npm:^16.13.1":
  version: 16.13.1
  resolution: "react-is@npm:16.13.1"
  checksum: f7a19ac3496de32ca9ae12aa030f00f14a3d45374f1ceca0af707c831b2a6098ef0d6bdae51bd437b0a306d7f01d4677fcc8de7c0d331eb47ad0f46130e53c5f
  languageName: node
  linkType: hard

"react-is@npm:^17.0.2":
  version: 17.0.2
  resolution: "react-is@npm:17.0.2"
  checksum: 9d6d111d8990dc98bc5402c1266a808b0459b5d54830bbea24c12d908b536df7883f268a7868cfaedde3dd9d4e0d574db456f84d2e6df9c4526f99bb4b5344d8
  languageName: node
  linkType: hard

"react-transition-group@npm:^4.4.2":
  version: 4.4.2
  resolution: "react-transition-group@npm:4.4.2"
  dependencies:
    "@babel/runtime": ^7.5.5
    dom-helpers: ^5.0.1
    loose-envify: ^1.4.0
    prop-types: ^15.6.2
  peerDependencies:
    react: ">=16.6.0"
    react-dom: ">=16.6.0"
  checksum: b67bf5b3e86dbab72d658b9a52a3589e5960583ab28c7c66272427d8fe30d4c7de422d5046ae96bd2683cdf80cc3264b2516f5ce80cae1dbe6cf3ca6dda392c5
  languageName: node
  linkType: hard

"react@npm:^18.2.0":
  version: 18.2.0
  resolution: "react@npm:18.2.0"
  dependencies:
    loose-envify: ^1.1.0
  checksum: 88e38092da8839b830cda6feef2e8505dec8ace60579e46aa5490fc3dc9bba0bd50336507dc166f43e3afc1c42939c09fe33b25fae889d6f402721dcd78fca1b
  languageName: node
  linkType: hard

"regenerator-runtime@npm:^0.13.4":
  version: 0.13.9
  resolution: "regenerator-runtime@npm:0.13.9"
  checksum: 65ed455fe5afd799e2897baf691ca21c2772e1a969d19bb0c4695757c2d96249eb74ee3553ea34a91062b2a676beedf630b4c1551cc6299afb937be1426ec55e
  languageName: node
  linkType: hard

"stylis@npm:4.0.13":
  version: 4.0.13
  resolution: "stylis@npm:4.0.13"
  checksum: 8ea7a87028b6383c6a982231c4b5b6150031ce028e0fdaf7b2ace82253d28a8af50cc5a9da8a421d3c7c4441592f393086e332795add672aa4a825f0fe3713a3
  languageName: node
  linkType: hard

"typescript@npm:^4.7.4":
  version: 4.7.4
  resolution: "typescript@npm:4.7.4"
  bin:
    tsc: bin/tsc
    tsserver: bin/tsserver
  checksum: 5750181b1cd7e6482c4195825547e70f944114fb47e58e4aa7553e62f11b3f3173766aef9c281783edfd881f7b8299cf35e3ca8caebe73d8464528c907a164df
  languageName: node
  linkType: hard

"typescript@patch:typescript@^4.7.4#~builtin<compat/typescript>":
  version: 4.7.4
  resolution: "typescript@patch:typescript@npm%3A4.7.4#~builtin<compat/typescript>::version=4.7.4&hash=7ad353"
  bin:
    tsc: bin/tsc
    tsserver: bin/tsserver
  checksum: 9096d8f6c16cb80ef3bf96fcbbd055bf1c4a43bd14f3b7be45a9fbe7ada46ec977f604d5feed3263b4f2aa7d4c7477ce5f9cd87de0d6feedec69a983f3a4f93e
  languageName: node
  linkType: hard
