# This file is generated by running "yarn install" inside your project.
# Manual changes might be lost - proceed with caution!

__metadata:
  version: 6

"@textea/functions@workspace:.":
  version: 0.0.0-use.local
  resolution: "@textea/functions@workspace:."
  peerDependencies:
    "@emotion/react": ">=11.9.3"
    "@emotion/styled": ">=11.9.3"
    "@mui/material": ">=5.8.6"
    "@textea/shared": ">=0.4.0"
    "@types/react": ">=18.0.14"
    react: ">=18.2.0"
    react-dom: ">=18.2.0"
    typescript: ">=4.7.4"
  languageName: unknown
  linkType: soft
